
Microsoft Visual Studio Solution File, Format Version 12.00
# Visual Studio Version 17
VisualStudioVersion = 17.13.35806.99
MinimumVisualStudioVersion = 10.0.40219.1
Project("{FAE04EC0-301F-11D3-BF4B-00C04F79EFBC}") = "TeensyMonitor", "TeensyMonitor\TeensyMonitor.csproj", "{81A1F4AD-2085-4005-B04D-152C3E6736F5}"
EndProject
Project("{8BC9CEB8-8B4A-11D0-8D11-00A0C91BC942}") = "PsycSerial", "PsycSerial\PsycSerial.vcxproj", "{0A1DB153-B508-B54F-E7E1-7A58B9E0C7D1}"
EndProject
Global
	GlobalSection(SolutionConfigurationPlatforms) = preSolution
		Debug|x64 = Debug|x64
		Debug|x86 = Debug|x86
		Release|x64 = Release|x64
		Release|x86 = Release|x86
	EndGlobalSection
	GlobalSection(ProjectConfigurationPlatforms) = postSolution
		{81A1F4AD-2085-4005-B04D-152C3E6736F5}.Debug|x64.ActiveCfg = Debug|x64
		{81A1F4AD-2085-4005-B04D-152C3E6736F5}.Debug|x64.Build.0 = Debug|x64
		{81A1F4AD-2085-4005-B04D-152C3E6736F5}.Debug|x86.ActiveCfg = Debug|Any CPU
		{81A1F4AD-2085-4005-B04D-152C3E6736F5}.Debug|x86.Build.0 = Debug|Any CPU
		{81A1F4AD-2085-4005-B04D-152C3E6736F5}.Release|x64.ActiveCfg = Release|x64
		{81A1F4AD-2085-4005-B04D-152C3E6736F5}.Release|x64.Build.0 = Release|x64
		{81A1F4AD-2085-4005-B04D-152C3E6736F5}.Release|x86.ActiveCfg = Release|Any CPU
		{81A1F4AD-2085-4005-B04D-152C3E6736F5}.Release|x86.Build.0 = Release|Any CPU
		{0A1DB153-B508-B54F-E7E1-7A58B9E0C7D1}.Debug|x64.ActiveCfg = Debug|x64
		{0A1DB153-B508-B54F-E7E1-7A58B9E0C7D1}.Debug|x64.Build.0 = Debug|x64
		{0A1DB153-B508-B54F-E7E1-7A58B9E0C7D1}.Debug|x86.ActiveCfg = Debug|Win32
		{0A1DB153-B508-B54F-E7E1-7A58B9E0C7D1}.Debug|x86.Build.0 = Debug|Win32
		{0A1DB153-B508-B54F-E7E1-7A58B9E0C7D1}.Release|x64.ActiveCfg = Release|x64
		{0A1DB153-B508-B54F-E7E1-7A58B9E0C7D1}.Release|x64.Build.0 = Release|x64
		{0A1DB153-B508-B54F-E7E1-7A58B9E0C7D1}.Release|x86.ActiveCfg = Release|Win32
		{0A1DB153-B508-B54F-E7E1-7A58B9E0C7D1}.Release|x86.Build.0 = Release|Win32
	EndGlobalSection
	GlobalSection(SolutionProperties) = preSolution
		HideSolutionNode = FALSE
	EndGlobalSection
	GlobalSection(ExtensibilityGlobals) = postSolution
		SolutionGuid = {8341246A-EF79-4A47-B513-787DC18CD5C1}
	EndGlobalSection
EndGlobal
